hash: 5c1d81b31cc5f26be79efe63d43b74c255b4183640005351b0b04ad841ee00fe
updated: 2018-04-02T19:00:36.264508595-07:00
imports:
- name: github.com/codegangsta/cli
  version: cfb38830724cc34fedffe9a2a29fb54fa9169cd1
- name: github.com/gernest/front
  version: b742c9dcde20b7361eb1621377ca69fffd9885e1
- name: gopkg.in/yaml.v2
  version: 5420a8b6744d3b0345ab293f6fcba19c978f1183
testImports: []
