hash: 7a960d11d9e28a25e674d32614395c5683ae4e3f88d0d06d66c0cc3b02937f6a
updated: 2018-04-09T20:11:21.428932578-07:00
imports:
- name: github.com/codegangsta/cli
  version: cfb38830724cc34fedffe9a2a29fb54fa9169cd1
- name: github.com/gernest/front
  version: b742c9dcde20b7361eb1621377ca69fffd9885e1
- name: gopkg.in/yaml.v2
  version: 5420a8b6744d3b0345ab293f6fcba19c978f1183
testImports: []
